{
  "name": "App-design-website",
  "lockfileVersion": 2,
  "requires": true,
  "packages": {
    "": {
      "dependencies": {
        "@icon/themify-icons": "^1.0.1-alpha.3"
      }
    },
    "node_modules/@icon/themify-icons": {
      "version": "1.0.1-alpha.3",
      "resolved": "https://registry.npmjs.org/@icon/themify-icons/-/themify-icons-1.0.1-alpha.3.tgz",
      "integrity": "sha512-KDE5pjBgnEVugPhcQxBmhMMT+5n2YU/A6yHHeDHSGL68gHaLp27a5WxV4LVakN0kiiA3MVdSkUPdX6n/UWS7zw=="
    }
  },
  "dependencies": {
    "@icon/themify-icons": {
      "version": "1.0.1-alpha.3",
      "resolved": "https://registry.npmjs.org/@icon/themify-icons/-/themify-icons-1.0.1-alpha.3.tgz",
      "integrity": "sha512-KDE5pjBgnEVugPhcQxBmhMMT+5n2YU/A6yHHeDHSGL68gHaLp27a5WxV4LVakN0kiiA3MVdSkUPdX6n/UWS7zw=="
    }
  }
}
